
Microsoft Visual Studio Solution File, Format Version 12.00
# Visual Studio Version 17
VisualStudioVersion = 17.5.002.0
MinimumVisualStudioVersion = 10.0.40219.1
Project("{9A19103F-16F7-4668-BE54-9A1E7A4F7556}") = "PrincipleStudios.MsBuild.Mutex", "PrincipleStudios.MsBuild.Mutex\PrincipleStudios.MsBuild.Mutex.csproj", "{5591CBEE-AA71-4AD6-B0B0-BC23640D2B12}"
EndProject
Global
	GlobalSection(SolutionConfigurationPlatforms) = preSolution
		Debug|Any CPU = Debug|Any CPU
		Release|Any CPU = Release|Any CPU
	EndGlobalSection
	GlobalSection(ProjectConfigurationPlatforms) = postSolution
		{5591CBEE-AA71-4AD6-B0B0-BC23640D2B12}.Debug|Any CPU.ActiveCfg = Debug|Any CPU
		{5591CBEE-AA71-4AD6-B0B0-BC23640D2B12}.Debug|Any CPU.Build.0 = Debug|Any CPU
		{5591CBEE-AA71-4AD6-B0B0-BC23640D2B12}.Release|Any CPU.ActiveCfg = Release|Any CPU
		{5591CBEE-AA71-4AD6-B0B0-BC23640D2B12}.Release|Any CPU.Build.0 = Release|Any CPU
	EndGlobalSection
	GlobalSection(SolutionProperties) = preSolution
		HideSolutionNode = FALSE
	EndGlobalSection
	GlobalSection(ExtensibilityGlobals) = postSolution
		SolutionGuid = {7467F321-B22A-46A2-BFF9-89F914ED9B97}
	EndGlobalSection
EndGlobal
